
Microsoft Visual Studio Solution File, Format Version 12.00
# Visual Studio 15
VisualStudioVersion = 15.0.26430.12
MinimumVisualStudioVersion = 10.0.40219.1
Project("{FAE04EC0-301F-11D3-BF4B-00C04F79EFBC}") = "SuperAdventure", "SuperAdventure\SuperAdventure.csproj", "{5F257146-7CE6-4292-8F58-CC9F12051823}"
EndProject
Project("{FAE04EC0-301F-11D3-BF4B-00C04F79EFBC}") = "Engine", "Engine\Engine.csproj", "{CA7F6375-FD4A-4DC2-851E-3018DB1A88D0}"
EndProject
Global
	GlobalSection(SolutionConfigurationPlatforms) = preSolution
		Debug|Any CPU = Debug|Any CPU
		Release|Any CPU = Release|Any CPU
	EndGlobalSection
	GlobalSection(ProjectConfigurationPlatforms) = postSolution
		{5F257146-7CE6-4292-8F58-CC9F12051823}.Debug|Any CPU.ActiveCfg = Debug|Any CPU
		{5F257146-7CE6-4292-8F58-CC9F12051823}.Debug|Any CPU.Build.0 = Debug|Any CPU
		{5F257146-7CE6-4292-8F58-CC9F12051823}.Release|Any CPU.ActiveCfg = Release|Any CPU
		{5F257146-7CE6-4292-8F58-CC9F12051823}.Release|Any CPU.Build.0 = Release|Any CPU
		{CA7F6375-FD4A-4DC2-851E-3018DB1A88D0}.Debug|Any CPU.ActiveCfg = Debug|Any CPU
		{CA7F6375-FD4A-4DC2-851E-3018DB1A88D0}.Debug|Any CPU.Build.0 = Debug|Any CPU
		{CA7F6375-FD4A-4DC2-851E-3018DB1A88D0}.Release|Any CPU.ActiveCfg = Release|Any CPU
		{CA7F6375-FD4A-4DC2-851E-3018DB1A88D0}.Release|Any CPU.Build.0 = Release|Any CPU
	EndGlobalSection
	GlobalSection(SolutionProperties) = preSolution
		HideSolutionNode = FALSE
	EndGlobalSection
EndGlobal
